schema: '2.0'
stages:
  process_data:
    cmd: python training/src/process.py
    deps:
    - path: config/main.yaml
      md5: 013b0051baf77f5ed729dcc76aac1da0
      size: 727
    - path: data/raw
      md5: 4fab2c71b869451ea58f8c4aeb16b2b3.dir
      size: 195247
      nfiles: 2
    - path: training/src/process.py
      md5: c4c1be8b0fbe8e3d8f082e8c184c6288
      size: 1483
    outs:
    - path: data/processed
      md5: 431cea4c36b796cd8448cc63f0a075c4.dir
      size: 163081
      nfiles: 4
  train_model:
    cmd: python training/src/train_model.py
    deps:
    - path: config/main.yaml
      md5: 013b0051baf77f5ed729dcc76aac1da0
      size: 727
    - path: data/processed
      md5: 431cea4c36b796cd8448cc63f0a075c4.dir
      size: 163081
      nfiles: 4
    - path: training/src/train_model.py
      md5: c8a08a7e47fac5d5b31ef87737c9feee
      size: 3389
    outs:
    - path: models/teste/xgboost
      md5: 7c72bc4ae8aa829c84944f6dbca1b72d
      size: 18202
  evaluate_model:
    cmd: python training/src/evaluate_model.py
    deps:
    - path: config/main.yaml
      md5: 013b0051baf77f5ed729dcc76aac1da0
      size: 727
    - path: data/processed
      md5: 431cea4c36b796cd8448cc63f0a075c4.dir
      size: 163081
      nfiles: 4
    - path: models/teste/xgboost
      md5: 7c72bc4ae8aa829c84944f6dbca1b72d
      size: 18202
    - path: training/src/evaluate_model.py
      md5: 8bac814ee167e1b617bd8331d621ecb1
      size: 1919
